
Microsoft Visual Studio Solution File, Format Version 12.00
# Visual Studio Version 16
VisualStudioVersion = 16.0.31729.503
MinimumVisualStudioVersion = 10.0.40219.1
Project("{FAE04EC0-301F-11D3-BF4B-00C04F79EFBC}") = "MID_09156213_2", "MID_09156213_2\MID_09156213_2.csproj", "{F1408D91-1FFE-4F74-925F-301400F31105}"
EndProject
Global
	GlobalSection(SolutionConfigurationPlatforms) = preSolution
		Debug|Any CPU = Debug|Any CPU
		Release|Any CPU = Release|Any CPU
	EndGlobalSection
	GlobalSection(ProjectConfigurationPlatforms) = postSolution
		{F1408D91-1FFE-4F74-925F-301400F31105}.Debug|Any CPU.ActiveCfg = Debug|Any CPU
		{F1408D91-1FFE-4F74-925F-301400F31105}.Debug|Any CPU.Build.0 = Debug|Any CPU
		{F1408D91-1FFE-4F74-925F-301400F31105}.Release|Any CPU.ActiveCfg = Release|Any CPU
		{F1408D91-1FFE-4F74-925F-301400F31105}.Release|Any CPU.Build.0 = Release|Any CPU
	EndGlobalSection
	GlobalSection(SolutionProperties) = preSolution
		HideSolutionNode = FALSE
	EndGlobalSection
	GlobalSection(ExtensibilityGlobals) = postSolution
		SolutionGuid = {5174F59E-B72B-40DA-9EF4-BD3660D92FDA}
	EndGlobalSection
EndGlobal
